
Microsoft Visual Studio Solution File, Format Version 12.00
# Visual Studio 15
VisualStudioVersion = 15.0.28010.2048
MinimumVisualStudioVersion = 10.0.40219.1
Project("{FAE04EC0-301F-11D3-BF4B-00C04F79EFBC}") = "MernokPasswordCreator", "MernokPasswordCreator\MernokPasswordCreator.csproj", "{DB3FA74D-AD21-4FB9-BB5C-5AFD380AAED3}"
EndProject
Project("{FAE04EC0-301F-11D3-BF4B-00C04F79EFBC}") = "MernokPasswords", "MernokPasswords\MernokPasswords.csproj", "{5284E46A-DA00-4FB7-A4AB-F8B58B05D549}"
EndProject
Global
	GlobalSection(SolutionConfigurationPlatforms) = preSolution
		Debug|Any CPU = Debug|Any CPU
		Release|Any CPU = Release|Any CPU
	EndGlobalSection
	GlobalSection(ProjectConfigurationPlatforms) = postSolution
		{DB3FA74D-AD21-4FB9-BB5C-5AFD380AAED3}.Debug|Any CPU.ActiveCfg = Debug|Any CPU
		{DB3FA74D-AD21-4FB9-BB5C-5AFD380AAED3}.Debug|Any CPU.Build.0 = Debug|Any CPU
		{DB3FA74D-AD21-4FB9-BB5C-5AFD380AAED3}.Release|Any CPU.ActiveCfg = Release|Any CPU
		{DB3FA74D-AD21-4FB9-BB5C-5AFD380AAED3}.Release|Any CPU.Build.0 = Release|Any CPU
		{5284E46A-DA00-4FB7-A4AB-F8B58B05D549}.Debug|Any CPU.ActiveCfg = Debug|Any CPU
		{5284E46A-DA00-4FB7-A4AB-F8B58B05D549}.Debug|Any CPU.Build.0 = Debug|Any CPU
		{5284E46A-DA00-4FB7-A4AB-F8B58B05D549}.Release|Any CPU.ActiveCfg = Release|Any CPU
		{5284E46A-DA00-4FB7-A4AB-F8B58B05D549}.Release|Any CPU.Build.0 = Release|Any CPU
	EndGlobalSection
	GlobalSection(SolutionProperties) = preSolution
		HideSolutionNode = FALSE
	EndGlobalSection
	GlobalSection(ExtensibilityGlobals) = postSolution
		SolutionGuid = {4C19DC14-D09F-4838-8D5C-2C7CD3347062}
	EndGlobalSection
EndGlobal
